// !$*UTF8*$!
{
	archiveVersion = 1;
	classes = {
	};
	objectVersion = 55;
	objects = {

/* Begin PBXBuildFile section */
		C63A6C13285F8E9500395EAE /* African_AnimalsApp.swift in Sources */ = {isa = PBXBuildFile; fileRef = C63A6C12285F8E9500395EAE /* African_AnimalsApp.swift */; };
		C63A6C17285F8E9900395EAE /* Assets.xcassets in Resources */ = {isa = PBXBuildFile; fileRef = C63A6C16285F8E9900395EAE /* Assets.xcassets */; };
		C63A6C1A285F8E9900395EAE /* Preview Assets.xcassets in Resources */ = {isa = PBXBuildFile; fileRef = C63A6C19285F8E9900395EAE /* Preview Assets.xcassets */; };
		C63A6C22285F927F00395EAE /* MainView.swift in Sources */ = {isa = PBXBuildFile; fileRef = C63A6C21285F927F00395EAE /* MainView.swift */; };
		C63A6C24285F92AF00395EAE /* BrowseTabView.swift in Sources */ = {isa = PBXBuildFile; fileRef = C63A6C23285F92AF00395EAE /* BrowseTabView.swift */; };
		C63A6C26285F92C200395EAE /* GalleryTabView.swift in Sources */ = {isa = PBXBuildFile; fileRef = C63A6C25285F92C200395EAE /* GalleryTabView.swift */; };
		C63A6C28285F92EF00395EAE /* VideosTabView.swift in Sources */ = {isa = PBXBuildFile; fileRef = C63A6C27285F92EF00395EAE /* VideosTabView.swift */; };
		C63A6C37285F99D000395EAE /* cheetah.mp4 in Resources */ = {isa = PBXBuildFile; fileRef = C63A6C2D285F99C900395EAE /* cheetah.mp4 */; };
		C63A6C38285F99D000395EAE /* zebra.mp4 in Resources */ = {isa = PBXBuildFile; fileRef = C63A6C2E285F99CA00395EAE /* zebra.mp4 */; };
		C63A6C39285F99D000395EAE /* gorilla.mp4 in Resources */ = {isa = PBXBuildFile; fileRef = C63A6C2F285F99CB00395EAE /* gorilla.mp4 */; };
		C63A6C3A285F99D000395EAE /* elephant.mp4 in Resources */ = {isa = PBXBuildFile; fileRef = C63A6C30285F99CB00395EAE /* elephant.mp4 */; };
		C63A6C3B285F99D000395EAE /* lioness.mp4 in Resources */ = {isa = PBXBuildFile; fileRef = C63A6C31285F99CC00395EAE /* lioness.mp4 */; };
		C63A6C3C285F99D000395EAE /* ostrich.mp4 in Resources */ = {isa = PBXBuildFile; fileRef = C63A6C32285F99CD00395EAE /* ostrich.mp4 */; };
		C63A6C3D285F99D000395EAE /* lion.mp4 in Resources */ = {isa = PBXBuildFile; fileRef = C63A6C33285F99CE00395EAE /* lion.mp4 */; };
		C63A6C3E285F99D000395EAE /* rhino.mp4 in Resources */ = {isa = PBXBuildFile; fileRef = C63A6C34285F99CF00395EAE /* rhino.mp4 */; };
		C63A6C3F285F99D000395EAE /* hippo.mp4 in Resources */ = {isa = PBXBuildFile; fileRef = C63A6C35285F99CF00395EAE /* hippo.mp4 */; };
		C63A6C40285F99D000395EAE /* giraffe.mp4 in Resources */ = {isa = PBXBuildFile; fileRef = C63A6C36285F99D000395EAE /* giraffe.mp4 */; };
		C63A6C44285F9A6700395EAE /* animals.json in Resources */ = {isa = PBXBuildFile; fileRef = C63A6C41285F9A6700395EAE /* animals.json */; };
		C63A6C45285F9A6700395EAE /* covers.json in Resources */ = {isa = PBXBuildFile; fileRef = C63A6C42285F9A6700395EAE /* covers.json */; };
		C63A6C46285F9A6700395EAE /* videos.json in Resources */ = {isa = PBXBuildFile; fileRef = C63A6C43285F9A6700395EAE /* videos.json */; };
		C63A6C48285FA44A00395EAE /* CoverImageView.swift in Sources */ = {isa = PBXBuildFile; fileRef = C63A6C47285FA44A00395EAE /* CoverImageView.swift */; };
		C63A6C4B285FA47800395EAE /* CoverImageModel.swift in Sources */ = {isa = PBXBuildFile; fileRef = C63A6C4A285FA47800395EAE /* CoverImageModel.swift */; };
		C63A6C4E285FA55200395EAE /* CodableBundleExtension.swift in Sources */ = {isa = PBXBuildFile; fileRef = C63A6C4D285FA55200395EAE /* CodableBundleExtension.swift */; };
		C69DA4E32860601800B21B30 /* AnimalModel.swift in Sources */ = {isa = PBXBuildFile; fileRef = C69DA4E22860601800B21B30 /* AnimalModel.swift */; };
/* End PBXBuildFile section */

/* Begin PBXFileReference section */
		C63A6C0F285F8E9500395EAE /* African Animals.app */ = {isa = PBXFileReference; explicitFileType = wrapper.application; includeInIndex = 0; path = "African Animals.app"; sourceTree = BUILT_PRODUCTS_DIR; };
		C63A6C12285F8E9500395EAE /* African_AnimalsApp.swift */ = {isa = PBXFileReference; lastKnownFileType = sourcecode.swift; path = African_AnimalsApp.swift; sourceTree = "<group>"; };
		C63A6C16285F8E9900395EAE /* Assets.xcassets */ = {isa = PBXFileReference; lastKnownFileType = folder.assetcatalog; path = Assets.xcassets; sourceTree = "<group>"; };
		C63A6C19285F8E9900395EAE /* Preview Assets.xcassets */ = {isa = PBXFileReference; lastKnownFileType = folder.assetcatalog; path = "Preview Assets.xcassets"; sourceTree = "<group>"; };
		C63A6C21285F927F00395EAE /* MainView.swift */ = {isa = PBXFileReference; lastKnownFileType = sourcecode.swift; path = MainView.swift; sourceTree = "<group>"; };
		C63A6C23285F92AF00395EAE /* BrowseTabView.swift */ = {isa = PBXFileReference; lastKnownFileType = sourcecode.swift; path = BrowseTabView.swift; sourceTree = "<group>"; };
		C63A6C25285F92C200395EAE /* GalleryTabView.swift */ = {isa = PBXFileReference; lastKnownFileType = sourcecode.swift; path = GalleryTabView.swift; sourceTree = "<group>"; };
		C63A6C27285F92EF00395EAE /* VideosTabView.swift */ = {isa = PBXFileReference; lastKnownFileType = sourcecode.swift; path = VideosTabView.swift; sourceTree = "<group>"; };
		C63A6C29285F988C00395EAE /* African-Animals-Info.plist */ = {isa = PBXFileReference; lastKnownFileType = text.plist; path = "African-Animals-Info.plist"; sourceTree = SOURCE_ROOT; };
		C63A6C2D285F99C900395EAE /* cheetah.mp4 */ = {isa = PBXFileReference; lastKnownFileType = file; path = cheetah.mp4; sourceTree = "<group>"; };
		C63A6C2E285F99CA00395EAE /* zebra.mp4 */ = {isa = PBXFileReference; lastKnownFileType = file; path = zebra.mp4; sourceTree = "<group>"; };
		C63A6C2F285F99CB00395EAE /* gorilla.mp4 */ = {isa = PBXFileReference; lastKnownFileType = file; path = gorilla.mp4; sourceTree = "<group>"; };
		C63A6C30285F99CB00395EAE /* elephant.mp4 */ = {isa = PBXFileReference; lastKnownFileType = file; path = elephant.mp4; sourceTree = "<group>"; };
		C63A6C31285F99CC00395EAE /* lioness.mp4 */ = {isa = PBXFileReference; lastKnownFileType = file; path = lioness.mp4; sourceTree = "<group>"; };
		C63A6C32285F99CD00395EAE /* ostrich.mp4 */ = {isa = PBXFileReference; lastKnownFileType = file; path = ostrich.mp4; sourceTree = "<group>"; };
		C63A6C33285F99CE00395EAE /* lion.mp4 */ = {isa = PBXFileReference; lastKnownFileType = file; path = lion.mp4; sourceTree = "<group>"; };
		C63A6C34285F99CF00395EAE /* rhino.mp4 */ = {isa = PBXFileReference; lastKnownFileType = file; path = rhino.mp4; sourceTree = "<group>"; };
		C63A6C35285F99CF00395EAE /* hippo.mp4 */ = {isa = PBXFileReference; lastKnownFileType = file; path = hippo.mp4; sourceTree = "<group>"; };
		C63A6C36285F99D000395EAE /* giraffe.mp4 */ = {isa = PBXFileReference; lastKnownFileType = file; path = giraffe.mp4; sourceTree = "<group>"; };
		C63A6C41285F9A6700395EAE /* animals.json */ = {isa = PBXFileReference; fileEncoding = 4; lastKnownFileType = text.json; path = animals.json; sourceTree = "<group>"; };
		C63A6C42285F9A6700395EAE /* covers.json */ = {isa = PBXFileReference; fileEncoding = 4; lastKnownFileType = text.json; path = covers.json; sourceTree = "<group>"; };
		C63A6C43285F9A6700395EAE /* videos.json */ = {isa = PBXFileReference; fileEncoding = 4; lastKnownFileType = text.json; path = videos.json; sourceTree = "<group>"; };
		C63A6C47285FA44A00395EAE /* CoverImageView.swift */ = {isa = PBXFileReference; lastKnownFileType = sourcecode.swift; path = CoverImageView.swift; sourceTree = "<group>"; };
		C63A6C4A285FA47800395EAE /* CoverImageModel.swift */ = {isa = PBXFileReference; lastKnownFileType = sourcecode.swift; path = CoverImageModel.swift; sourceTree = "<group>"; };
		C63A6C4D285FA55200395EAE /* CodableBundleExtension.swift */ = {isa = PBXFileReference; lastKnownFileType = sourcecode.swift; path = CodableBundleExtension.swift; sourceTree = "<group>"; };
		C69DA4E22860601800B21B30 /* AnimalModel.swift */ = {isa = PBXFileReference; lastKnownFileType = sourcecode.swift; path = AnimalModel.swift; sourceTree = "<group>"; };
/* End PBXFileReference section */

/* Begin PBXFrameworksBuildPhase section */
		C63A6C0C285F8E9500395EAE /* Frameworks */ = {
			isa = PBXFrameworksBuildPhase;
			buildActionMask = 2147483647;
			files = (
			);
			runOnlyForDeploymentPostprocessing = 0;
		};
/* End PBXFrameworksBuildPhase section */

/* Begin PBXGroup section */
		C63A6C06285F8E9500395EAE = {
			isa = PBXGroup;
			children = (
				C63A6C11285F8E9500395EAE /* African Animals */,
				C63A6C10285F8E9500395EAE /* Products */,
			);
			sourceTree = "<group>";
		};
		C63A6C10285F8E9500395EAE /* Products */ = {
			isa = PBXGroup;
			children = (
				C63A6C0F285F8E9500395EAE /* African Animals.app */,
			);
			name = Products;
			sourceTree = "<group>";
		};
		C63A6C11285F8E9500395EAE /* African Animals */ = {
			isa = PBXGroup;
			children = (
				C63A6C4C285FA51900395EAE /* Bundle */,
				C63A6C49285FA45C00395EAE /* Model */,
				C63A6C2C285F996C00395EAE /* View */,
				C63A6C2B285F995A00395EAE /* Videos */,
				C63A6C2A285F994900395EAE /* Data */,
				C63A6C29285F988C00395EAE /* African-Animals-Info.plist */,
				C63A6C20285F925000395EAE /* App */,
				C63A6C16285F8E9900395EAE /* Assets.xcassets */,
				C63A6C18285F8E9900395EAE /* Preview Content */,
			);
			path = "African Animals";
			sourceTree = "<group>";
		};
		C63A6C18285F8E9900395EAE /* Preview Content */ = {
			isa = PBXGroup;
			children = (
				C63A6C19285F8E9900395EAE /* Preview Assets.xcassets */,
			);
			path = "Preview Content";
			sourceTree = "<group>";
		};
		C63A6C20285F925000395EAE /* App */ = {
			isa = PBXGroup;
			children = (
				C63A6C12285F8E9500395EAE /* African_AnimalsApp.swift */,
				C63A6C21285F927F00395EAE /* MainView.swift */,
				C63A6C23285F92AF00395EAE /* BrowseTabView.swift */,
				C63A6C25285F92C200395EAE /* GalleryTabView.swift */,
				C63A6C27285F92EF00395EAE /* VideosTabView.swift */,
			);
			path = App;
			sourceTree = "<group>";
		};
		C63A6C2A285F994900395EAE /* Data */ = {
			isa = PBXGroup;
			children = (
				C63A6C41285F9A6700395EAE /* animals.json */,
				C63A6C42285F9A6700395EAE /* covers.json */,
				C63A6C43285F9A6700395EAE /* videos.json */,
			);
			path = Data;
			sourceTree = "<group>";
		};
		C63A6C2B285F995A00395EAE /* Videos */ = {
			isa = PBXGroup;
			children = (
				C63A6C2D285F99C900395EAE /* cheetah.mp4 */,
				C63A6C30285F99CB00395EAE /* elephant.mp4 */,
				C63A6C36285F99D000395EAE /* giraffe.mp4 */,
				C63A6C2F285F99CB00395EAE /* gorilla.mp4 */,
				C63A6C35285F99CF00395EAE /* hippo.mp4 */,
				C63A6C33285F99CE00395EAE /* lion.mp4 */,
				C63A6C31285F99CC00395EAE /* lioness.mp4 */,
				C63A6C32285F99CD00395EAE /* ostrich.mp4 */,
				C63A6C34285F99CF00395EAE /* rhino.mp4 */,
				C63A6C2E285F99CA00395EAE /* zebra.mp4 */,
			);
			path = Videos;
			sourceTree = "<group>";
		};
		C63A6C2C285F996C00395EAE /* View */ = {
			isa = PBXGroup;
			children = (
				C63A6C47285FA44A00395EAE /* CoverImageView.swift */,
			);
			path = View;
			sourceTree = "<group>";
		};
		C63A6C49285FA45C00395EAE /* Model */ = {
			isa = PBXGroup;
			children = (
				C63A6C4A285FA47800395EAE /* CoverImageModel.swift */,
				C69DA4E22860601800B21B30 /* AnimalModel.swift */,
			);
			path = Model;
			sourceTree = "<group>";
		};
		C63A6C4C285FA51900395EAE /* Bundle */ = {
			isa = PBXGroup;
			children = (
				C63A6C4D285FA55200395EAE /* CodableBundleExtension.swift */,
			);
			path = Bundle;
			sourceTree = "<group>";
		};
/* End PBXGroup section */

/* Begin PBXNativeTarget section */
		C63A6C0E285F8E9500395EAE /* African Animals */ = {
			isa = PBXNativeTarget;
			buildConfigurationList = C63A6C1D285F8E9900395EAE /* Build configuration list for PBXNativeTarget "African Animals" */;
			buildPhases = (
				C63A6C0B285F8E9500395EAE /* Sources */,
				C63A6C0C285F8E9500395EAE /* Frameworks */,
				C63A6C0D285F8E9500395EAE /* Resources */,
			);
			buildRules = (
			);
			dependencies = (
			);
			name = "African Animals";
			productName = "African Animals";
			productReference = C63A6C0F285F8E9500395EAE /* African Animals.app */;
			productType = "com.apple.product-type.application";
		};
/* End PBXNativeTarget section */

/* Begin PBXProject section */
		C63A6C07285F8E9500395EAE /* Project object */ = {
			isa = PBXProject;
			attributes = {
				BuildIndependentTargetsInParallel = 1;
				LastSwiftUpdateCheck = 1340;
				LastUpgradeCheck = 1340;
				TargetAttributes = {
					C63A6C0E285F8E9500395EAE = {
						CreatedOnToolsVersion = 13.4.1;
					};
				};
			};
			buildConfigurationList = C63A6C0A285F8E9500395EAE /* Build configuration list for PBXProject "African Animals" */;
			compatibilityVersion = "Xcode 13.0";
			developmentRegion = en;
			hasScannedForEncodings = 0;
			knownRegions = (
				en,
				Base,
			);
			mainGroup = C63A6C06285F8E9500395EAE;
			productRefGroup = C63A6C10285F8E9500395EAE /* Products */;
			projectDirPath = "";
			projectRoot = "";
			targets = (
				C63A6C0E285F8E9500395EAE /* African Animals */,
			);
		};
/* End PBXProject section */

/* Begin PBXResourcesBuildPhase section */
		C63A6C0D285F8E9500395EAE /* Resources */ = {
			isa = PBXResourcesBuildPhase;
			buildActionMask = 2147483647;
			files = (
				C63A6C38285F99D000395EAE /* zebra.mp4 in Resources */,
				C63A6C3F285F99D000395EAE /* hippo.mp4 in Resources */,
				C63A6C46285F9A6700395EAE /* videos.json in Resources */,
				C63A6C40285F99D000395EAE /* giraffe.mp4 in Resources */,
				C63A6C1A285F8E9900395EAE /* Preview Assets.xcassets in Resources */,
				C63A6C3A285F99D000395EAE /* elephant.mp4 in Resources */,
				C63A6C39285F99D000395EAE /* gorilla.mp4 in Resources */,
				C63A6C17285F8E9900395EAE /* Assets.xcassets in Resources */,
				C63A6C45285F9A6700395EAE /* covers.json in Resources */,
				C63A6C44285F9A6700395EAE /* animals.json in Resources */,
				C63A6C3B285F99D000395EAE /* lioness.mp4 in Resources */,
				C63A6C3C285F99D000395EAE /* ostrich.mp4 in Resources */,
				C63A6C3D285F99D000395EAE /* lion.mp4 in Resources */,
				C63A6C3E285F99D000395EAE /* rhino.mp4 in Resources */,
				C63A6C37285F99D000395EAE /* cheetah.mp4 in Resources */,
			);
			runOnlyForDeploymentPostprocessing = 0;
		};
/* End PBXResourcesBuildPhase section */

/* Begin PBXSourcesBuildPhase section */
		C63A6C0B285F8E9500395EAE /* Sources */ = {
			isa = PBXSourcesBuildPhase;
			buildActionMask = 2147483647;
			files = (
				C63A6C4E285FA55200395EAE /* CodableBundleExtension.swift in Sources */,
				C69DA4E32860601800B21B30 /* AnimalModel.swift in Sources */,
				C63A6C4B285FA47800395EAE /* CoverImageModel.swift in Sources */,
				C63A6C13285F8E9500395EAE /* African_AnimalsApp.swift in Sources */,
				C63A6C26285F92C200395EAE /* GalleryTabView.swift in Sources */,
				C63A6C28285F92EF00395EAE /* VideosTabView.swift in Sources */,
				C63A6C24285F92AF00395EAE /* BrowseTabView.swift in Sources */,
				C63A6C48285FA44A00395EAE /* CoverImageView.swift in Sources */,
				C63A6C22285F927F00395EAE /* MainView.swift in Sources */,
			);
			runOnlyForDeploymentPostprocessing = 0;
		};
/* End PBXSourcesBuildPhase section */

/* Begin XCBuildConfiguration section */
		C63A6C1B285F8E9900395EAE /* Debug */ = {
			isa = XCBuildConfiguration;
			buildSettings = {
				ALWAYS_SEARCH_USER_PATHS = NO;
				CLANG_ANALYZER_NONNULL = YES;
				CLANG_ANALYZER_NUMBER_OBJECT_CONVERSION = YES_AGGRESSIVE;
				CLANG_CXX_LANGUAGE_STANDARD = "gnu++17";
				CLANG_ENABLE_MODULES = YES;
				CLANG_ENABLE_OBJC_ARC = YES;
				CLANG_ENABLE_OBJC_WEAK = YES;
				CLANG_WARN_BLOCK_CAPTURE_AUTORELEASING = YES;
				CLANG_WARN_BOOL_CONVERSION = YES;
				CLANG_WARN_COMMA = YES;
				CLANG_WARN_CONSTANT_CONVERSION = YES;
				CLANG_WARN_DEPRECATED_OBJC_IMPLEMENTATIONS = YES;
				CLANG_WARN_DIRECT_OBJC_ISA_USAGE = YES_ERROR;
				CLANG_WARN_DOCUMENTATION_COMMENTS = YES;
				CLANG_WARN_EMPTY_BODY = YES;
				CLANG_WARN_ENUM_CONVERSION = YES;
				CLANG_WARN_INFINITE_RECURSION = YES;
				CLANG_WARN_INT_CONVERSION = YES;
				CLANG_WARN_NON_LITERAL_NULL_CONVERSION = YES;
				CLANG_WARN_OBJC_IMPLICIT_RETAIN_SELF = YES;
				CLANG_WARN_OBJC_LITERAL_CONVERSION = YES;
				CLANG_WARN_OBJC_ROOT_CLASS = YES_ERROR;
				CLANG_WARN_QUOTED_INCLUDE_IN_FRAMEWORK_HEADER = YES;
				CLANG_WARN_RANGE_LOOP_ANALYSIS = YES;
				CLANG_WARN_STRICT_PROTOTYPES = YES;
				CLANG_WARN_SUSPICIOUS_MOVE = YES;
				CLANG_WARN_UNGUARDED_AVAILABILITY = YES_AGGRESSIVE;
				CLANG_WARN_UNREACHABLE_CODE = YES;
				CLANG_WARN__DUPLICATE_METHOD_MATCH = YES;
				COPY_PHASE_STRIP = NO;
				DEBUG_INFORMATION_FORMAT = dwarf;
				ENABLE_STRICT_OBJC_MSGSEND = YES;
				ENABLE_TESTABILITY = YES;
				GCC_C_LANGUAGE_STANDARD = gnu11;
				GCC_DYNAMIC_NO_PIC = NO;
				GCC_NO_COMMON_BLOCKS = YES;
				GCC_OPTIMIZATION_LEVEL = 0;
				GCC_PREPROCESSOR_DEFINITIONS = (
					"DEBUG=1",
					"$(inherited)",
				);
				GCC_WARN_64_TO_32_BIT_CONVERSION = YES;
				GCC_WARN_ABOUT_RETURN_TYPE = YES_ERROR;
				GCC_WARN_UNDECLARED_SELECTOR = YES;
				GCC_WARN_UNINITIALIZED_AUTOS = YES_AGGRESSIVE;
				GCC_WARN_UNUSED_FUNCTION = YES;
				GCC_WARN_UNUSED_VARIABLE = YES;
				IPHONEOS_DEPLOYMENT_TARGET = 15.5;
				MTL_ENABLE_DEBUG_INFO = INCLUDE_SOURCE;
				MTL_FAST_MATH = YES;
				ONLY_ACTIVE_ARCH = YES;
				SDKROOT = iphoneos;
				SWIFT_ACTIVE_COMPILATION_CONDITIONS = DEBUG;
				SWIFT_OPTIMIZATION_LEVEL = "-Onone";
			};
			name = Debug;
		};
		C63A6C1C285F8E9900395EAE /* Release */ = {
			isa = XCBuildConfiguration;
			buildSettings = {
				ALWAYS_SEARCH_USER_PATHS = NO;
				CLANG_ANALYZER_NONNULL = YES;
				CLANG_ANALYZER_NUMBER_OBJECT_CONVERSION = YES_AGGRESSIVE;
				CLANG_CXX_LANGUAGE_STANDARD = "gnu++17";
				CLANG_ENABLE_MODULES = YES;
				CLANG_ENABLE_OBJC_ARC = YES;
				CLANG_ENABLE_OBJC_WEAK = YES;
				CLANG_WARN_BLOCK_CAPTURE_AUTORELEASING = YES;
				CLANG_WARN_BOOL_CONVERSION = YES;
				CLANG_WARN_COMMA = YES;
				CLANG_WARN_CONSTANT_CONVERSION = YES;
				CLANG_WARN_DEPRECATED_OBJC_IMPLEMENTATIONS = YES;
				CLANG_WARN_DIRECT_OBJC_ISA_USAGE = YES_ERROR;
				CLANG_WARN_DOCUMENTATION_COMMENTS = YES;
				CLANG_WARN_EMPTY_BODY = YES;
				CLANG_WARN_ENUM_CONVERSION = YES;
				CLANG_WARN_INFINITE_RECURSION = YES;
				CLANG_WARN_INT_CONVERSION = YES;
				CLANG_WARN_NON_LITERAL_NULL_CONVERSION = YES;
				CLANG_WARN_OBJC_IMPLICIT_RETAIN_SELF = YES;
				CLANG_WARN_OBJC_LITERAL_CONVERSION = YES;
				CLANG_WARN_OBJC_ROOT_CLASS = YES_ERROR;
				CLANG_WARN_QUOTED_INCLUDE_IN_FRAMEWORK_HEADER = YES;
				CLANG_WARN_RANGE_LOOP_ANALYSIS = YES;
				CLANG_WARN_STRICT_PROTOTYPES = YES;
				CLANG_WARN_SUSPICIOUS_MOVE = YES;
				CLANG_WARN_UNGUARDED_AVAILABILITY = YES_AGGRESSIVE;
				CLANG_WARN_UNREACHABLE_CODE = YES;
				CLANG_WARN__DUPLICATE_METHOD_MATCH = YES;
				COPY_PHASE_STRIP = NO;
				DEBUG_INFORMATION_FORMAT = "dwarf-with-dsym";
				ENABLE_NS_ASSERTIONS = NO;
				ENABLE_STRICT_OBJC_MSGSEND = YES;
				GCC_C_LANGUAGE_STANDARD = gnu11;
				GCC_NO_COMMON_BLOCKS = YES;
				GCC_WARN_64_TO_32_BIT_CONVERSION = YES;
				GCC_WARN_ABOUT_RETURN_TYPE = YES_ERROR;
				GCC_WARN_UNDECLARED_SELECTOR = YES;
				GCC_WARN_UNINITIALIZED_AUTOS = YES_AGGRESSIVE;
				GCC_WARN_UNUSED_FUNCTION = YES;
				GCC_WARN_UNUSED_VARIABLE = YES;
				IPHONEOS_DEPLOYMENT_TARGET = 15.5;
				MTL_ENABLE_DEBUG_INFO = NO;
				MTL_FAST_MATH = YES;
				SDKROOT = iphoneos;
				SWIFT_COMPILATION_MODE = wholemodule;
				SWIFT_OPTIMIZATION_LEVEL = "-O";
				VALIDATE_PRODUCT = YES;
			};
			name = Release;
		};
		C63A6C1E285F8E9900395EAE /* Debug */ = {
			isa = XCBuildConfiguration;
			buildSettings = {
				ASSETCATALOG_COMPILER_APPICON_NAME = AppIcon;
				ASSETCATALOG_COMPILER_GLOBAL_ACCENT_COLOR_NAME = AccentColor;
				CODE_SIGN_STYLE = Automatic;
				CURRENT_PROJECT_VERSION = 1;
				DEVELOPMENT_ASSET_PATHS = "\"African Animals/Preview Content\"";
				DEVELOPMENT_TEAM = 76K22C4AM7;
				ENABLE_PREVIEWS = YES;
				GENERATE_INFOPLIST_FILE = YES;
				INFOPLIST_FILE = "African-Animals-Info.plist";
				INFOPLIST_KEY_UIApplicationSceneManifest_Generation = YES;
				INFOPLIST_KEY_UIApplicationSupportsIndirectInputEvents = YES;
				INFOPLIST_KEY_UISupportedInterfaceOrientations_iPad = "UIInterfaceOrientationPortrait UIInterfaceOrientationPortraitUpsideDown UIInterfaceOrientationLandscapeLeft UIInterfaceOrientationLandscapeRight";
				INFOPLIST_KEY_UISupportedInterfaceOrientations_iPhone = "UIInterfaceOrientationPortrait UIInterfaceOrientationLandscapeLeft UIInterfaceOrientationLandscapeRight";
				INFOPLIST_KEY_UIUserInterfaceStyle = Dark;
				LD_RUNPATH_SEARCH_PATHS = (
					"$(inherited)",
					"@executable_path/Frameworks",
				);
				MARKETING_VERSION = 1.0;
				PRODUCT_BUNDLE_IDENTIFIER = "io.hybriddev.African-Animals";
				PRODUCT_NAME = "$(TARGET_NAME)";
				SWIFT_EMIT_LOC_STRINGS = YES;
				SWIFT_VERSION = 5.0;
				TARGETED_DEVICE_FAMILY = "1,2";
			};
			name = Debug;
		};
		C63A6C1F285F8E9900395EAE /* Release */ = {
			isa = XCBuildConfiguration;
			buildSettings = {
				ASSETCATALOG_COMPILER_APPICON_NAME = AppIcon;
				ASSETCATALOG_COMPILER_GLOBAL_ACCENT_COLOR_NAME = AccentColor;
				CODE_SIGN_STYLE = Automatic;
				CURRENT_PROJECT_VERSION = 1;
				DEVELOPMENT_ASSET_PATHS = "\"African Animals/Preview Content\"";
				DEVELOPMENT_TEAM = 76K22C4AM7;
				ENABLE_PREVIEWS = YES;
				GENERATE_INFOPLIST_FILE = YES;
				INFOPLIST_FILE = "African-Animals-Info.plist";
				INFOPLIST_KEY_UIApplicationSceneManifest_Generation = YES;
				INFOPLIST_KEY_UIApplicationSupportsIndirectInputEvents = YES;
				INFOPLIST_KEY_UISupportedInterfaceOrientations_iPad = "UIInterfaceOrientationPortrait UIInterfaceOrientationPortraitUpsideDown UIInterfaceOrientationLandscapeLeft UIInterfaceOrientationLandscapeRight";
				INFOPLIST_KEY_UISupportedInterfaceOrientations_iPhone = "UIInterfaceOrientationPortrait UIInterfaceOrientationLandscapeLeft UIInterfaceOrientationLandscapeRight";
				INFOPLIST_KEY_UIUserInterfaceStyle = Dark;
				LD_RUNPATH_SEARCH_PATHS = (
					"$(inherited)",
					"@executable_path/Frameworks",
				);
				MARKETING_VERSION = 1.0;
				PRODUCT_BUNDLE_IDENTIFIER = "io.hybriddev.African-Animals";
				PRODUCT_NAME = "$(TARGET_NAME)";
				SWIFT_EMIT_LOC_STRINGS = YES;
				SWIFT_VERSION = 5.0;
				TARGETED_DEVICE_FAMILY = "1,2";
			};
			name = Release;
		};
/* End XCBuildConfiguration section */

/* Begin XCConfigurationList section */
		C63A6C0A285F8E9500395EAE /* Build configuration list for PBXProject "African Animals" */ = {
			isa = XCConfigurationList;
			buildConfigurations = (
				C63A6C1B285F8E9900395EAE /* Debug */,
				C63A6C1C285F8E9900395EAE /* Release */,
			);
			defaultConfigurationIsVisible = 0;
			defaultConfigurationName = Release;
		};
		C63A6C1D285F8E9900395EAE /* Build configuration list for PBXNativeTarget "African Animals" */ = {
			isa = XCConfigurationList;
			buildConfigurations = (
				C63A6C1E285F8E9900395EAE /* Debug */,
				C63A6C1F285F8E9900395EAE /* Release */,
			);
			defaultConfigurationIsVisible = 0;
			defaultConfigurationName = Release;
		};
/* End XCConfigurationList section */
	};
	rootObject = C63A6C07285F8E9500395EAE /* Project object */;
}
